# THIS IS AN AUTOGENERATED FILE. DO NOT EDIT THIS FILE DIRECTLY.
# yarn lockfile v1


"@babel/runtime-corejs3@^7.22.5":
  version "7.22.5"
  resolved "https://registry.yarnpkg.com/@babel/runtime-corejs3/-/runtime-corejs3-7.22.5.tgz#bbc769b48edb2bdfd404b65ad1fc3952bf33e3c2"
  integrity sha512-TNPDN6aBFaUox2Lu+H/Y1dKKQgr4ucz/FGyCz67RVYLsBpVpUFf1dDngzg+Od8aqbrqwyztkaZjtWCZEUOT8zA==
  dependencies:
    core-js-pure "^3.30.2"
    regenerator-runtime "^0.13.11"

core-js-pure@^3.30.2:
  version "3.31.0"
  resolved "https://registry.yarnpkg.com/core-js-pure/-/core-js-pure-3.31.0.tgz#052fd9e82fbaaf86457f5db1fadcd06f15966ff2"
  integrity sha512-/AnE9Y4OsJZicCzIe97JP5XoPKQJfTuEG43aEVLFJGOJpyqELod+pE6LEl63DfG1Mp8wX97LDaDpy1GmLEUxlg==

imask@^7.0.1:
  version "7.0.1"
  resolved "https://registry.yarnpkg.com/imask/-/imask-7.0.1.tgz#22507d81c0e4197017654179cadf47111f5e7ce4"
  integrity sha512-Uk5kmM3oZJ881Nvg8SB0SGujdO3+z/aaDDYcc6QdN8eUWI0tDr7yC3pd4KafzGcmMrpxRdudNc/qBgwdxSx09w==
  dependencies:
    "@babel/runtime-corejs3" "^7.22.5"

regenerator-runtime@^0.13.11:
  version "0.13.11"
  resolved "https://registry.yarnpkg.com/regenerator-runtime/-/regenerator-runtime-0.13.11.tgz#f6dca3e7ceec20590d07ada785636a90cdca17f9"
  integrity sha512-kY1AZVr2Ra+t+piVaJ4gxaFaReZVH40AKNo7UCX6W+dEwBo/2oZJzqfuN1qLq1oL45o56cPaTXELwrTh8Fpggg==
